
Microsoft Visual Studio Solution File, Format Version 12.00
# Visual Studio Version 16
VisualStudioVersion = 16.0.31402.337
MinimumVisualStudioVersion = 10.0.40219.1
Project("{FAE04EC0-301F-11D3-BF4B-00C04F79EFBC}") = "Promos", "Promos\Promos.csproj", "{9871C71B-D090-469D-BFCE-7504ED18F9AB}"
EndProject
Global
	GlobalSection(SolutionConfigurationPlatforms) = preSolution
		Debug|Any CPU = Debug|Any CPU
		Release|Any CPU = Release|Any CPU
	EndGlobalSection
	GlobalSection(ProjectConfigurationPlatforms) = postSolution
		{9871C71B-D090-469D-BFCE-7504ED18F9AB}.Debug|Any CPU.ActiveCfg = Debug|Any CPU
		{9871C71B-D090-469D-BFCE-7504ED18F9AB}.Debug|Any CPU.Build.0 = Debug|Any CPU
		{9871C71B-D090-469D-BFCE-7504ED18F9AB}.Release|Any CPU.ActiveCfg = Release|Any CPU
		{9871C71B-D090-469D-BFCE-7504ED18F9AB}.Release|Any CPU.Build.0 = Release|Any CPU
	EndGlobalSection
	GlobalSection(SolutionProperties) = preSolution
		HideSolutionNode = FALSE
	EndGlobalSection
	GlobalSection(ExtensibilityGlobals) = postSolution
		SolutionGuid = {6A4F73D5-774F-4444-AA4C-0F9400F38A4B}
	EndGlobalSection
EndGlobal
